
Microsoft Visual Studio Solution File, Format Version 12.00
# Visual Studio 14
VisualStudioVersion = 14.0.25420.1
MinimumVisualStudioVersion = 10.0.40219.1
Project("{FAE04EC0-301F-11D3-BF4B-00C04F79EFBC}") = "Store.Database", "Store.Database\Store.Database.csproj", "{BD0AA328-4F1D-4FE0-8863-C213992C0B3E}"
EndProject
Project("{FAE04EC0-301F-11D3-BF4B-00C04F79EFBC}") = "Store.Domain", "Store.Domain\Store.Domain.csproj", "{D25A9774-D512-405C-B01C-3F23F8393135}"
EndProject
Project("{FAE04EC0-301F-11D3-BF4B-00C04F79EFBC}") = "Store.Service", "Store.Service\Store.Service.csproj", "{8610E496-1B1E-4FF1-B806-8170C7A46936}"
EndProject
Project("{FAE04EC0-301F-11D3-BF4B-00C04F79EFBC}") = "Store.Common", "Store.Common\Store.Common.csproj", "{96DCEF02-9475-4DAE-9602-8A99A8D1B953}"
EndProject
Project("{FAE04EC0-301F-11D3-BF4B-00C04F79EFBC}") = "Store.Web", "Store.Web\Store.Web.csproj", "{DC1CECFB-827E-4660-A63F-7C53C1D561A9}"
	ProjectSection(ProjectDependencies) = postProject
		{8610E496-1B1E-4FF1-B806-8170C7A46936} = {8610E496-1B1E-4FF1-B806-8170C7A46936}
	EndProjectSection
EndProject
Global
	GlobalSection(SolutionConfigurationPlatforms) = preSolution
		Debug|Any CPU = Debug|Any CPU
		Release|Any CPU = Release|Any CPU
	EndGlobalSection
	GlobalSection(ProjectConfigurationPlatforms) = postSolution
		{BD0AA328-4F1D-4FE0-8863-C213992C0B3E}.Debug|Any CPU.ActiveCfg = Debug|Any CPU
		{BD0AA328-4F1D-4FE0-8863-C213992C0B3E}.Debug|Any CPU.Build.0 = Debug|Any CPU
		{BD0AA328-4F1D-4FE0-8863-C213992C0B3E}.Release|Any CPU.ActiveCfg = Release|Any CPU
		{BD0AA328-4F1D-4FE0-8863-C213992C0B3E}.Release|Any CPU.Build.0 = Release|Any CPU
		{D25A9774-D512-405C-B01C-3F23F8393135}.Debug|Any CPU.ActiveCfg = Debug|Any CPU
		{D25A9774-D512-405C-B01C-3F23F8393135}.Debug|Any CPU.Build.0 = Debug|Any CPU
		{D25A9774-D512-405C-B01C-3F23F8393135}.Release|Any CPU.ActiveCfg = Release|Any CPU
		{D25A9774-D512-405C-B01C-3F23F8393135}.Release|Any CPU.Build.0 = Release|Any CPU
		{8610E496-1B1E-4FF1-B806-8170C7A46936}.Debug|Any CPU.ActiveCfg = Debug|Any CPU
		{8610E496-1B1E-4FF1-B806-8170C7A46936}.Debug|Any CPU.Build.0 = Debug|Any CPU
		{8610E496-1B1E-4FF1-B806-8170C7A46936}.Release|Any CPU.ActiveCfg = Release|Any CPU
		{8610E496-1B1E-4FF1-B806-8170C7A46936}.Release|Any CPU.Build.0 = Release|Any CPU
		{96DCEF02-9475-4DAE-9602-8A99A8D1B953}.Debug|Any CPU.ActiveCfg = Debug|Any CPU
		{96DCEF02-9475-4DAE-9602-8A99A8D1B953}.Debug|Any CPU.Build.0 = Debug|Any CPU
		{96DCEF02-9475-4DAE-9602-8A99A8D1B953}.Release|Any CPU.ActiveCfg = Release|Any CPU
		{96DCEF02-9475-4DAE-9602-8A99A8D1B953}.Release|Any CPU.Build.0 = Release|Any CPU
		{DC1CECFB-827E-4660-A63F-7C53C1D561A9}.Debug|Any CPU.ActiveCfg = Debug|Any CPU
		{DC1CECFB-827E-4660-A63F-7C53C1D561A9}.Debug|Any CPU.Build.0 = Debug|Any CPU
		{DC1CECFB-827E-4660-A63F-7C53C1D561A9}.Release|Any CPU.ActiveCfg = Release|Any CPU
		{DC1CECFB-827E-4660-A63F-7C53C1D561A9}.Release|Any CPU.Build.0 = Release|Any CPU
	EndGlobalSection
	GlobalSection(SolutionProperties) = preSolution
		HideSolutionNode = FALSE
	EndGlobalSection
EndGlobal
